
Microsoft Visual Studio Solution File, Format Version 12.00
# Visual Studio Version 17
VisualStudioVersion = 17.11.35312.102
MinimumVisualStudioVersion = 10.0.40219.1
Project("{FAE04EC0-301F-11D3-BF4B-00C04F79EFBC}") = "EmployeeManagement", "EmployeeManagement\EmployeeManagement.csproj", "{91AF4F12-1E66-4FFB-9BB8-1D6AF5C1B0CD}"
EndProject
Global
	GlobalSection(SolutionConfigurationPlatforms) = preSolution
		Debug|Any CPU = Debug|Any CPU
		Release|Any CPU = Release|Any CPU
	EndGlobalSection
	GlobalSection(ProjectConfigurationPlatforms) = postSolution
		{91AF4F12-1E66-4FFB-9BB8-1D6AF5C1B0CD}.Debug|Any CPU.ActiveCfg = Debug|Any CPU
		{91AF4F12-1E66-4FFB-9BB8-1D6AF5C1B0CD}.Debug|Any CPU.Build.0 = Debug|Any CPU
		{91AF4F12-1E66-4FFB-9BB8-1D6AF5C1B0CD}.Release|Any CPU.ActiveCfg = Release|Any CPU
		{91AF4F12-1E66-4FFB-9BB8-1D6AF5C1B0CD}.Release|Any CPU.Build.0 = Release|Any CPU
	EndGlobalSection
	GlobalSection(SolutionProperties) = preSolution
		HideSolutionNode = FALSE
	EndGlobalSection
	GlobalSection(ExtensibilityGlobals) = postSolution
		SolutionGuid = {E9694802-973C-455F-9912-4ED711807789}
	EndGlobalSection
EndGlobal
